Microsoft Visual Studio Solution File, Format Version 12.00
# Visual Studio Version 17
VisualStudioVersion = 17.0.31717.71
MinimumVisualStudioVersion = 10.0.40219.1
Project("{2150E333-8FDC-42A3-9474-1A3956D46DE8}") = "Sample", "Sample", "{D76C703D-756A-44FD-8F10-BAFBC1FA4451}"
	ProjectSection(SolutionItems) = preProject
		Sample\bluno\bluno.ino = Sample\bluno\bluno.ino
		Sample\sample.zip = Sample\sample.zip
	EndProjectSection
EndProject
Project("{2150E333-8FDC-42A3-9474-1A3956D46DE8}") = "Resources", "Resources", "{9B3C51FC-2880-4F08-9A03-2102E3697E35}"
	ProjectSection(SolutionItems) = preProject
		Resources\automation.ps1 = Resources\automation.ps1
	EndProjectSection
EndProject
Project("{9A19103F-16F7-4668-BE54-9A1E7A4F7556}") = "Blazor.Bluetooth", "Blazor.Bluetooth\Blazor.Bluetooth.csproj", "{43767BD2-3077-4605-892C-48C94CF59864}"
EndProject
Global
	GlobalSection(SolutionConfigurationPlatforms) = preSolution
		Debug|Any CPU = Debug|Any CPU
		Release|Any CPU = Release|Any CPU
	EndGlobalSection
	GlobalSection(ProjectConfigurationPlatforms) = postSolution
		{43767BD2-3077-4605-892C-48C94CF59864}.Debug|Any CPU.ActiveCfg = Debug|Any CPU
		{43767BD2-3077-4605-892C-48C94CF59864}.Debug|Any CPU.Build.0 = Debug|Any CPU
		{43767BD2-3077-4605-892C-48C94CF59864}.Release|Any CPU.ActiveCfg = Release|Any CPU
		{43767BD2-3077-4605-892C-48C94CF59864}.Release|Any CPU.Build.0 = Release|Any CPU
	EndGlobalSection
	GlobalSection(SolutionProperties) = preSolution
		HideSolutionNode = FALSE
	EndGlobalSection
	GlobalSection(ExtensibilityGlobals) = postSolution
		SolutionGuid = {62EC4AE3-4580-4FEB-9AF0-0AC5D2D9696A}
	EndGlobalSection
EndGlobal
